# SH2 parallel-codegen jobs=1 vs jobs=N determinism + speedup lock.
# Generated by tools/parallel_codegen_ab_gate.sh -- do NOT hand-edit.
# Re-lock after an intended change: PARALLEL_AB_RELOCK=1 tools/parallel_codegen_ab_gate.sh
# speedup_x1000 = floor(serial_total_ms*1000 / parallel_total_ms); >1000 means parallel is faster.
# Determinism (object sha256 equal across job counts) and worker activation are gated unconditionally.
# Speedup is gated only when serial_total_ms>=floor_ms AND host not oversubscribed (load_1m<ncpu);
# otherwise (e.g. locked under contention) speedup_gated=0 and the ratio is informational only.
parallel_ab_lock_version=1
parallel_ab_lock_created_utc=2026-06-29T13:16:36Z
parallel_ab_lock_host_target=arm64-apple-darwin
parallel_ab_lock_host_load_1m=118.04
parallel_ab_lock_host_ncpu=14
parallel_ab_lock_driver=artifacts/backend_driver/cheng
parallel_ab_lock_fixture=tools/fixtures/parallel_ab_bench.cheng
parallel_ab_lock_jobs_serial=1
parallel_ab_lock_jobs_parallel=8
parallel_ab_lock_samples=1
parallel_ab_lock_floor_ms=3000
parallel_ab_lock_regress_pct=30
object_sha256=f2b4e8bf2220e79816eea8c1533b9903e0c9c82f9c448f3d28500678718388b3
serial.active_workers=1
serial.total_ms=23866
serial.codegen_ms=14336
parallel.active_workers=8
parallel.requested_job_count=8
parallel.task_count=301
parallel.total_ms=26227
parallel.codegen_ms=12895
speedup_total_x1000=909
speedup_codegen_x1000=1111
speedup_gated=0
