# Cheng-vs-C runtime baseline regression lock (NP1).
# Generated by tools/runtime_c_baseline_gate.sh -- do NOT hand-edit ratios.
# Re-lock after a confirmed improvement: CHENG_C_BASELINE_RELOCK=1 tools/runtime_c_baseline_gate.sh
# ratio_x1000 = ceil(cheng_ns_per_op*1000 / c_ns_per_op), from median-of-9 runs.
# Regression (gated cases): current ratio_x1000 > baseline * (100 + regress_pct) / 100.
runtime_c_baseline_lock_version=1
runtime_c_baseline_lock_created_utc=2026-06-29T10:31:21Z
runtime_c_baseline_lock_host_target=arm64-apple-darwin
runtime_c_baseline_lock_compiler=/Users/lbcheng/cheng-lang/artifacts/bootstrap/cheng.stage3
runtime_c_baseline_lock_samples=9
runtime_c_baseline_lock_min_ns=200
runtime_c_baseline_lock_regress_pct=5
runtime_c_baseline_lock_exclude=thread_spawn_join
orc_retain_release.median_c_ns=5
orc_retain_release.median_cheng_ns=1
orc_retain_release.ratio_x1000=200
orc_retain_release.gated=0
atomic_i32_add.median_c_ns=3
atomic_i32_add.median_cheng_ns=3
atomic_i32_add.ratio_x1000=1000
atomic_i32_add.gated=0
thread_spawn_join.median_c_ns=20035
thread_spawn_join.median_cheng_ns=26490
thread_spawn_join.ratio_x1000=1323
thread_spawn_join.gated=0
slice_bounds_loop.median_c_ns=1
slice_bounds_loop.median_cheng_ns=1
slice_bounds_loop.ratio_x1000=1000
slice_bounds_loop.gated=0
hash_lookup.median_c_ns=6
hash_lookup.median_cheng_ns=5
hash_lookup.ratio_x1000=834
hash_lookup.gated=0
syscall_write.median_c_ns=247
syscall_write.median_cheng_ns=250
syscall_write.ratio_x1000=1013
syscall_write.gated=1
